
Microsoft Visual Studio Solution File, Format Version 12.00
# Visual Studio 15
VisualStudioVersion = 15.0.27703.2042
MinimumVisualStudioVersion = 10.0.40219.1
Project("{FAE04EC0-301F-11D3-BF4B-00C04F79EFBC}") = "Exemplos", "Exemplos\Exemplos.csproj", "{3BD9EBBE-C10A-457E-AB4A-8228D4F9758C}"
EndProject
Global
	GlobalSection(SolutionConfigurationPlatforms) = preSolution
		Debug|Any CPU = Debug|Any CPU
		Release|Any CPU = Release|Any CPU
	EndGlobalSection
	GlobalSection(ProjectConfigurationPlatforms) = postSolution
		{3BD9EBBE-C10A-457E-AB4A-8228D4F9758C}.Debug|Any CPU.ActiveCfg = Debug|Any CPU
		{3BD9EBBE-C10A-457E-AB4A-8228D4F9758C}.Debug|Any CPU.Build.0 = Debug|Any CPU
		{3BD9EBBE-C10A-457E-AB4A-8228D4F9758C}.Release|Any CPU.ActiveCfg = Release|Any CPU
		{3BD9EBBE-C10A-457E-AB4A-8228D4F9758C}.Release|Any CPU.Build.0 = Release|Any CPU
	EndGlobalSection
	GlobalSection(SolutionProperties) = preSolution
		HideSolutionNode = FALSE
	EndGlobalSection
	GlobalSection(ExtensibilityGlobals) = postSolution
		SolutionGuid = {8F78513B-7AE6-44FF-8CCE-9E28F47C5DDC}
	EndGlobalSection
EndGlobal
